// !$*UTF8*$!
{
	archiveVersion = 1;
	classes = {
	};
	objectVersion = 46;
	objects = {

/* Begin PBXBuildFile section */
		65DEC5451D9E0BDB0060FF5F /* AppDelegate.swift in Sources */ = {isa = PBXBuildFile; fileRef = 65DEC5441D9E0BDB0060FF5F /* AppDelegate.swift */; };
		65DEC5471D9E0BDB0060FF5F /* ViewController.swift in Sources */ = {isa = PBXBuildFile; fileRef = 65DEC5461D9E0BDB0060FF5F /* ViewController.swift */; };
		65DEC54A1D9E0BDB0060FF5F /* Main.storyboard in Resources */ = {isa = PBXBuildFile; fileRef = 65DEC5481D9E0BDB0060FF5F /* Main.storyboard */; };
		65DEC54C1D9E0BDB0060FF5F /* Assets.xcassets in Resources */ = {isa = PBXBuildFile; fileRef = 65DEC54B1D9E0BDB0060FF5F /* Assets.xcassets */; };
		65DEC54F1D9E0BDB0060FF5F /* LaunchScreen.storyboard in Resources */ = {isa = PBXBuildFile; fileRef = 65DEC54D1D9E0BDB0060FF5F /* LaunchScreen.storyboard */; };
/* End PBXBuildFile section */

/* Begin PBXFileReference section */
		65DEC5411D9E0BDB0060FF5F /* JSRepl.app */ = {isa = PBXFileReference; explicitFileType = wrapper.application; includeInIndex = 0; path = JSRepl.app; sourceTree = BUILT_PRODUCTS_DIR; };
		65DEC5441D9E0BDB0060FF5F /* AppDelegate.swift */ = {isa = PBXFileReference; lastKnownFileType = sourcecode.swift; path = AppDelegate.swift; sourceTree = "<group>"; };
		65DEC5461D9E0BDB0060FF5F /* ViewController.swift */ = {isa = PBXFileReference; lastKnownFileType = sourcecode.swift; path = ViewController.swift; sourceTree = "<group>"; };
		65DEC5491D9E0BDB0060FF5F /* Base */ = {isa = PBXFileReference; lastKnownFileType = file.storyboard; name = Base; path = Base.lproj/Main.storyboard; sourceTree = "<group>"; };
		65DEC54B1D9E0BDB0060FF5F /* Assets.xcassets */ = {isa = PBXFileReference; lastKnownFileType = folder.assetcatalog; path = Assets.xcassets; sourceTree = "<group>"; };
		65DEC54E1D9E0BDB0060FF5F /* Base */ = {isa = PBXFileReference; lastKnownFileType = file.storyboard; name = Base; path = Base.lproj/LaunchScreen.storyboard; sourceTree = "<group>"; };
		65DEC5501D9E0BDB0060FF5F /* Info.plist */ = {isa = PBXFileReference; lastKnownFileType = text.plist.xml; path = Info.plist; sourceTree = "<group>"; };
/* End PBXFileReference section */

/* Begin PBXFrameworksBuildPhase section */
		65DEC53E1D9E0BDB0060FF5F /* Frameworks */ = {
			isa = PBXFrameworksBuildPhase;
			buildActionMask = 2147483647;
			files = (
			);
			runOnlyForDeploymentPostprocessing = 0;
		};
/* End PBXFrameworksBuildPhase section */

/* Begin PBXGroup section */
		65DEC5381D9E0BDB0060FF5F = {
			isa = PBXGroup;
			children = (
				65DEC5431D9E0BDB0060FF5F /* JSRepl */,
				65DEC5421D9E0BDB0060FF5F /* Products */,
			);
			sourceTree = "<group>";
		};
		65DEC5421D9E0BDB0060FF5F /* Products */ = {
			isa = PBXGroup;
			children = (
				65DEC5411D9E0BDB0060FF5F /* JSRepl.app */,
			);
			name = Products;
			sourceTree = "<group>";
		};
		65DEC5431D9E0BDB0060FF5F /* JSRepl */ = {
			isa = PBXGroup;
			children = (
				65DEC5441D9E0BDB0060FF5F /* AppDelegate.swift */,
				65DEC5461D9E0BDB0060FF5F /* ViewController.swift */,
				65DEC5481D9E0BDB0060FF5F /* Main.storyboard */,
				65DEC54B1D9E0BDB0060FF5F /* Assets.xcassets */,
				65DEC54D1D9E0BDB0060FF5F /* LaunchScreen.storyboard */,
				65DEC5501D9E0BDB0060FF5F /* Info.plist */,
			);
			path = JSRepl;
			sourceTree = "<group>";
		};
/* End PBXGroup section */

/* Begin PBXNativeTarget section */
		65DEC5401D9E0BDB0060FF5F /* JSRepl */ = {
			isa = PBXNativeTarget;
			buildConfigurationList = 65DEC5531D9E0BDB0060FF5F /* Build configuration list for PBXNativeTarget "JSRepl" */;
			buildPhases = (
				65DEC53D1D9E0BDB0060FF5F /* Sources */,
				65DEC53E1D9E0BDB0060FF5F /* Frameworks */,
				65DEC53F1D9E0BDB0060FF5F /* Resources */,
			);
			buildRules = (
			);
			dependencies = (
			);
			name = JSRepl;
			productName = JSRepl;
			productReference = 65DEC5411D9E0BDB0060FF5F /* JSRepl.app */;
			productType = "com.apple.product-type.application";
		};
/* End PBXNativeTarget section */

/* Begin PBXProject section */
		65DEC5391D9E0BDB0060FF5F /* Project object */ = {
			isa = PBXProject;
			attributes = {
				LastSwiftUpdateCheck = 0730;
				LastUpgradeCheck = 0730;
				ORGANIZATIONNAME = Motingo;
				TargetAttributes = {
					65DEC5401D9E0BDB0060FF5F = {
						CreatedOnToolsVersion = 7.3;
						DevelopmentTeam = B92N87UYHH;
						LastSwiftMigration = 0800;
					};
				};
			};
			buildConfigurationList = 65DEC53C1D9E0BDB0060FF5F /* Build configuration list for PBXProject "JSRepl" */;
			compatibilityVersion = "Xcode 3.2";
			developmentRegion = English;
			hasScannedForEncodings = 0;
			knownRegions = (
				en,
				Base,
			);
			mainGroup = 65DEC5381D9E0BDB0060FF5F;
			productRefGroup = 65DEC5421D9E0BDB0060FF5F /* Products */;
			projectDirPath = "";
			projectRoot = "";
			targets = (
				65DEC5401D9E0BDB0060FF5F /* JSRepl */,
			);
		};
/* End PBXProject section */

/* Begin PBXResourcesBuildPhase section */
		65DEC53F1D9E0BDB0060FF5F /* Resources */ = {
			isa = PBXResourcesBuildPhase;
			buildActionMask = 2147483647;
			files = (
				65DEC54F1D9E0BDB0060FF5F /* LaunchScreen.storyboard in Resources */,
				65DEC54C1D9E0BDB0060FF5F /* Assets.xcassets in Resources */,
				65DEC54A1D9E0BDB0060FF5F /* Main.storyboard in Resources */,
			);
			runOnlyForDeploymentPostprocessing = 0;
		};
/* End PBXResourcesBuildPhase section */

/* Begin PBXSourcesBuildPhase section */
		65DEC53D1D9E0BDB0060FF5F /* Sources */ = {
			isa = PBXSourcesBuildPhase;
			buildActionMask = 2147483647;
			files = (
				65DEC5471D9E0BDB0060FF5F /* ViewController.swift in Sources */,
				65DEC5451D9E0BDB0060FF5F /* AppDelegate.swift in Sources */,
			);
			runOnlyForDeploymentPostprocessing = 0;
		};
/* End PBXSourcesBuildPhase section */

/* Begin PBXVariantGroup section */
		65DEC5481D9E0BDB0060FF5F /* Main.storyboard */ = {
			isa = PBXVariantGroup;
			children = (
				65DEC5491D9E0BDB0060FF5F /* Base */,
			);
			name = Main.storyboard;
			sourceTree = "<group>";
		};
		65DEC54D1D9E0BDB0060FF5F /* LaunchScreen.storyboard */ = {
			isa = PBXVariantGroup;
			children = (
				65DEC54E1D9E0BDB0060FF5F /* Base */,
			);
			name = LaunchScreen.storyboard;
			sourceTree = "<group>";
		};
/* End PBXVariantGroup section */

/* Begin XCBuildConfiguration section */
		65DEC5511D9E0BDB0060FF5F /* Debug */ = {
			isa = XCBuildConfiguration;
			buildSettings = {
				ALWAYS_SEARCH_USER_PATHS = NO;
				CLANG_ANALYZER_NONNULL = YES;
				CLANG_CXX_LANGUAGE_STANDARD = "gnu++0x";
				CLANG_CXX_LIBRARY = "libc++";
				CLANG_ENABLE_MODULES = YES;
				CLANG_ENABLE_OBJC_ARC = YES;
				CLANG_WARN_BOOL_CONVERSION = YES;
				CLANG_WARN_CONSTANT_CONVERSION = YES;
				CLANG_WARN_DIRECT_OBJC_ISA_USAGE = YES_ERROR;
				CLANG_WARN_EMPTY_BODY = YES;
				CLANG_WARN_ENUM_CONVERSION = YES;
				CLANG_WARN_INT_CONVERSION = YES;
				CLANG_WARN_OBJC_ROOT_CLASS = YES_ERROR;
				CLANG_WARN_UNREACHABLE_CODE = YES;
				CLANG_WARN__DUPLICATE_METHOD_MATCH = YES;
				"CODE_SIGN_IDENTITY[sdk=iphoneos*]" = "iPhone Developer";
				COPY_PHASE_STRIP = NO;
				DEBUG_INFORMATION_FORMAT = dwarf;
				ENABLE_STRICT_OBJC_MSGSEND = YES;
				ENABLE_TESTABILITY = YES;
				GCC_C_LANGUAGE_STANDARD = gnu99;
				GCC_DYNAMIC_NO_PIC = NO;
				GCC_NO_COMMON_BLOCKS = YES;
				GCC_OPTIMIZATION_LEVEL = 0;
				GCC_PREPROCESSOR_DEFINITIONS = (
					"DEBUG=1",
					"$(inherited)",
				);
				GCC_WARN_64_TO_32_BIT_CONVERSION = YES;
				GCC_WARN_ABOUT_RETURN_TYPE = YES_ERROR;
				GCC_WARN_UNDECLARED_SELECTOR = YES;
				GCC_WARN_UNINITIALIZED_AUTOS = YES_AGGRESSIVE;
				GCC_WARN_UNUSED_FUNCTION = YES;
				GCC_WARN_UNUSED_VARIABLE = YES;
				IPHONEOS_DEPLOYMENT_TARGET = 9.3;
				MTL_ENABLE_DEBUG_INFO = YES;
				ONLY_ACTIVE_ARCH = YES;
				SDKROOT = iphoneos;
				SWIFT_OPTIMIZATION_LEVEL = "-Onone";
				TARGETED_DEVICE_FAMILY = "1,2";
			};
			name = Debug;
		};
		65DEC5521D9E0BDB0060FF5F /* Release */ = {
			isa = XCBuildConfiguration;
			buildSettings = {
				ALWAYS_SEARCH_USER_PATHS = NO;
				CLANG_ANALYZER_NONNULL = YES;
				CLANG_CXX_LANGUAGE_STANDARD = "gnu++0x";
				CLANG_CXX_LIBRARY = "libc++";
				CLANG_ENABLE_MODULES = YES;
				CLANG_ENABLE_OBJC_ARC = YES;
				CLANG_WARN_BOOL_CONVERSION = YES;
				CLANG_WARN_CONSTANT_CONVERSION = YES;
				CLANG_WARN_DIRECT_OBJC_ISA_USAGE = YES_ERROR;
				CLANG_WARN_EMPTY_BODY = YES;
				CLANG_WARN_ENUM_CONVERSION = YES;
				CLANG_WARN_INT_CONVERSION = YES;
				CLANG_WARN_OBJC_ROOT_CLASS = YES_ERROR;
				CLANG_WARN_UNREACHABLE_CODE = YES;
				CLANG_WARN__DUPLICATE_METHOD_MATCH = YES;
				"CODE_SIGN_IDENTITY[sdk=iphoneos*]" = "iPhone Developer";
				COPY_PHASE_STRIP = NO;
				DEBUG_INFORMATION_FORMAT = "dwarf-with-dsym";
				ENABLE_NS_ASSERTIONS = NO;
				ENABLE_STRICT_OBJC_MSGSEND = YES;
				GCC_C_LANGUAGE_STANDARD = gnu99;
				GCC_NO_COMMON_BLOCKS = YES;
				GCC_WARN_64_TO_32_BIT_CONVERSION = YES;
				GCC_WARN_ABOUT_RETURN_TYPE = YES_ERROR;
				GCC_WARN_UNDECLARED_SELECTOR = YES;
				GCC_WARN_UNINITIALIZED_AUTOS = YES_AGGRESSIVE;
				GCC_WARN_UNUSED_FUNCTION = YES;
				GCC_WARN_UNUSED_VARIABLE = YES;
				IPHONEOS_DEPLOYMENT_TARGET = 9.3;
				MTL_ENABLE_DEBUG_INFO = NO;
				SDKROOT = iphoneos;
				TARGETED_DEVICE_FAMILY = "1,2";
				VALIDATE_PRODUCT = YES;
			};
			name = Release;
		};
		65DEC5541D9E0BDB0060FF5F /* Debug */ = {
			isa = XCBuildConfiguration;
			buildSettings = {
				ASSETCATALOG_COMPILER_APPICON_NAME = AppIcon;
				DEVELOPMENT_TEAM = B92N87UYHH;
				INFOPLIST_FILE = JSRepl/Info.plist;
				LD_RUNPATH_SEARCH_PATHS = "$(inherited) @executable_path/Frameworks";
				PRODUCT_BUNDLE_IDENTIFIER = com.motingo.JSRepl;
				PRODUCT_NAME = "$(TARGET_NAME)";
				SWIFT_VERSION = 3.0;
			};
			name = Debug;
		};
		65DEC5551D9E0BDB0060FF5F /* Release */ = {
			isa = XCBuildConfiguration;
			buildSettings = {
				ASSETCATALOG_COMPILER_APPICON_NAME = AppIcon;
				DEVELOPMENT_TEAM = B92N87UYHH;
				INFOPLIST_FILE = JSRepl/Info.plist;
				LD_RUNPATH_SEARCH_PATHS = "$(inherited) @executable_path/Frameworks";
				PRODUCT_BUNDLE_IDENTIFIER = com.motingo.JSRepl;
				PRODUCT_NAME = "$(TARGET_NAME)";
				SWIFT_VERSION = 3.0;
			};
			name = Release;
		};
/* End XCBuildConfiguration section */

/* Begin XCConfigurationList section */
		65DEC53C1D9E0BDB0060FF5F /* Build configuration list for PBXProject "JSRepl" */ = {
			isa = XCConfigurationList;
			buildConfigurations = (
				65DEC5511D9E0BDB0060FF5F /* Debug */,
				65DEC5521D9E0BDB0060FF5F /* Release */,
			);
			defaultConfigurationIsVisible = 0;
			defaultConfigurationName = Release;
		};
		65DEC5531D9E0BDB0060FF5F /* Build configuration list for PBXNativeTarget "JSRepl" */ = {
			isa = XCConfigurationList;
			buildConfigurations = (
				65DEC5541D9E0BDB0060FF5F /* Debug */,
				65DEC5551D9E0BDB0060FF5F /* Release */,
			);
			defaultConfigurationIsVisible = 0;
			defaultConfigurationName = Release;
		};
/* End XCConfigurationList section */
	};
	rootObject = 65DEC5391D9E0BDB0060FF5F /* Project object */;
}
